
Microsoft Visual Studio Solution File, Format Version 12.00
# Visual Studio Version 16
VisualStudioVersion = 16.0.31515.178
MinimumVisualStudioVersion = 10.0.40219.1
Project("{9A19103F-16F7-4668-BE54-9A1E7A4F7556}") = "SGL.Analytics.Backend.LogCollector", "SGL.Analytics.Backend.LogCollector\SGL.Analytics.Backend.LogCollector.csproj", "{0511CFF2-24A3-430F-AD47-B74576E737F3}"
	ProjectSection(ProjectDependencies) = postProject
		{19745D17-DDC1-471E-81C5-ED282BAC5E74} = {19745D17-DDC1-471E-81C5-ED282BAC5E74}
		{78BD51AA-04B5-4EFE-B957-390B2A03CD27} = {78BD51AA-04B5-4EFE-B957-390B2A03CD27}
	EndProjectSection
EndProject
Project("{9A19103F-16F7-4668-BE54-9A1E7A4F7556}") = "SGL.Analytics.Backend.UserDB", "SGL.Analytics.Backend.UserDB\SGL.Analytics.Backend.UserDB.csproj", "{A529B0C3-06E2-44C3-B6F4-910D9316FCF3}"
	ProjectSection(ProjectDependencies) = postProject
		{19745D17-DDC1-471E-81C5-ED282BAC5E74} = {19745D17-DDC1-471E-81C5-ED282BAC5E74}
		{78BD51AA-04B5-4EFE-B957-390B2A03CD27} = {78BD51AA-04B5-4EFE-B957-390B2A03CD27}
	EndProjectSection
EndProject
Project("{9A19103F-16F7-4668-BE54-9A1E7A4F7556}") = "SGL.Analytics.DTO", "SGL.Analytics.DTO\SGL.Analytics.DTO.csproj", "{19745D17-DDC1-471E-81C5-ED282BAC5E74}"
EndProject
Project("{9A19103F-16F7-4668-BE54-9A1E7A4F7556}") = "SGL.Analytics.Backend.Model", "SGL.Analytics.Backend.Model\SGL.Analytics.Backend.Model.csproj", "{78BD51AA-04B5-4EFE-B957-390B2A03CD27}"
	ProjectSection(ProjectDependencies) = postProject
		{19745D17-DDC1-471E-81C5-ED282BAC5E74} = {19745D17-DDC1-471E-81C5-ED282BAC5E74}
	EndProjectSection
EndProject
Project("{E53339B2-1760-4266-BCC7-CA923CBCF16C}") = "docker-compose", "docker-compose.dcproj", "{790177CC-3663-4660-A90D-65697E08C7F2}"
EndProject
Project("{9A19103F-16F7-4668-BE54-9A1E7A4F7556}") = "SGL.Analytics.Client", "SGL.Analytics.Client\SGL.Analytics.Client.csproj", "{1FA1A3E7-DA62-4BA7-8FAE-E902A4A2F309}"
	ProjectSection(ProjectDependencies) = postProject
		{19745D17-DDC1-471E-81C5-ED282BAC5E74} = {19745D17-DDC1-471E-81C5-ED282BAC5E74}
	EndProjectSection
EndProject
Project("{2150E333-8FDC-42A3-9474-1A3956D46DE8}") = "Solution Items", "Solution Items", "{065153F8-5B80-4698-8FE6-46659D1E4BC9}"
	ProjectSection(SolutionItems) = preProject
		.editorconfig = .editorconfig
		.gitlab-ci.yml = .gitlab-ci.yml
	EndProjectSection
EndProject
Project("{9A19103F-16F7-4668-BE54-9A1E7A4F7556}") = "SGL.Analytics.Client.Tests", "SGL.Analytics.Client.Tests\SGL.Analytics.Client.Tests.csproj", "{437E71CA-095B-48AA-A527-2FF000AD5D84}"
EndProject
Project("{9A19103F-16F7-4668-BE54-9A1E7A4F7556}") = "SGL.Analytics.Backend.LogCollector.Tests", "SGL.Analytics.Backend.LogCollector.Tests\SGL.Analytics.Backend.LogCollector.Tests.csproj", "{7F305487-2E89-4802-8E44-08355F23ACE0}"
EndProject
Project("{9A19103F-16F7-4668-BE54-9A1E7A4F7556}") = "SGL.Analytics.Backend.UserDB.Tests", "SGL.Analytics.Backend.UserDB.Tests\SGL.Analytics.Backend.UserDB.Tests.csproj", "{AC7F1A5F-9E5C-4A99-814A-827307B720D4}"
EndProject
Global
	GlobalSection(SolutionConfigurationPlatforms) = preSolution
		Debug|Any CPU = Debug|Any CPU
		Release|Any CPU = Release|Any CPU
	EndGlobalSection
	GlobalSection(ProjectConfigurationPlatforms) = postSolution
		{0511CFF2-24A3-430F-AD47-B74576E737F3}.Debug|Any CPU.ActiveCfg = Debug|Any CPU
		{0511CFF2-24A3-430F-AD47-B74576E737F3}.Debug|Any CPU.Build.0 = Debug|Any CPU
		{0511CFF2-24A3-430F-AD47-B74576E737F3}.Release|Any CPU.ActiveCfg = Release|Any CPU
		{0511CFF2-24A3-430F-AD47-B74576E737F3}.Release|Any CPU.Build.0 = Release|Any CPU
		{A529B0C3-06E2-44C3-B6F4-910D9316FCF3}.Debug|Any CPU.ActiveCfg = Debug|Any CPU
		{A529B0C3-06E2-44C3-B6F4-910D9316FCF3}.Debug|Any CPU.Build.0 = Debug|Any CPU
		{A529B0C3-06E2-44C3-B6F4-910D9316FCF3}.Release|Any CPU.ActiveCfg = Release|Any CPU
		{A529B0C3-06E2-44C3-B6F4-910D9316FCF3}.Release|Any CPU.Build.0 = Release|Any CPU
		{19745D17-DDC1-471E-81C5-ED282BAC5E74}.Debug|Any CPU.ActiveCfg = Debug|Any CPU
		{19745D17-DDC1-471E-81C5-ED282BAC5E74}.Debug|Any CPU.Build.0 = Debug|Any CPU
		{19745D17-DDC1-471E-81C5-ED282BAC5E74}.Release|Any CPU.ActiveCfg = Release|Any CPU
		{19745D17-DDC1-471E-81C5-ED282BAC5E74}.Release|Any CPU.Build.0 = Release|Any CPU
		{78BD51AA-04B5-4EFE-B957-390B2A03CD27}.Debug|Any CPU.ActiveCfg = Debug|Any CPU
		{78BD51AA-04B5-4EFE-B957-390B2A03CD27}.Debug|Any CPU.Build.0 = Debug|Any CPU
		{78BD51AA-04B5-4EFE-B957-390B2A03CD27}.Release|Any CPU.ActiveCfg = Release|Any CPU
		{78BD51AA-04B5-4EFE-B957-390B2A03CD27}.Release|Any CPU.Build.0 = Release|Any CPU
		{790177CC-3663-4660-A90D-65697E08C7F2}.Debug|Any CPU.ActiveCfg = Debug|Any CPU
		{790177CC-3663-4660-A90D-65697E08C7F2}.Debug|Any CPU.Build.0 = Debug|Any CPU
		{790177CC-3663-4660-A90D-65697E08C7F2}.Release|Any CPU.ActiveCfg = Release|Any CPU
		{790177CC-3663-4660-A90D-65697E08C7F2}.Release|Any CPU.Build.0 = Release|Any CPU
		{1FA1A3E7-DA62-4BA7-8FAE-E902A4A2F309}.Debug|Any CPU.ActiveCfg = Debug|Any CPU
		{1FA1A3E7-DA62-4BA7-8FAE-E902A4A2F309}.Debug|Any CPU.Build.0 = Debug|Any CPU
		{1FA1A3E7-DA62-4BA7-8FAE-E902A4A2F309}.Release|Any CPU.ActiveCfg = Release|Any CPU
		{1FA1A3E7-DA62-4BA7-8FAE-E902A4A2F309}.Release|Any CPU.Build.0 = Release|Any CPU
		{437E71CA-095B-48AA-A527-2FF000AD5D84}.Debug|Any CPU.ActiveCfg = Debug|Any CPU
		{437E71CA-095B-48AA-A527-2FF000AD5D84}.Debug|Any CPU.Build.0 = Debug|Any CPU
		{437E71CA-095B-48AA-A527-2FF000AD5D84}.Release|Any CPU.ActiveCfg = Release|Any CPU
		{437E71CA-095B-48AA-A527-2FF000AD5D84}.Release|Any CPU.Build.0 = Release|Any CPU
		{7F305487-2E89-4802-8E44-08355F23ACE0}.Debug|Any CPU.ActiveCfg = Debug|Any CPU
		{7F305487-2E89-4802-8E44-08355F23ACE0}.Debug|Any CPU.Build.0 = Debug|Any CPU
		{7F305487-2E89-4802-8E44-08355F23ACE0}.Release|Any CPU.ActiveCfg = Release|Any CPU
		{7F305487-2E89-4802-8E44-08355F23ACE0}.Release|Any CPU.Build.0 = Release|Any CPU
		{AC7F1A5F-9E5C-4A99-814A-827307B720D4}.Debug|Any CPU.ActiveCfg = Debug|Any CPU
		{AC7F1A5F-9E5C-4A99-814A-827307B720D4}.Debug|Any CPU.Build.0 = Debug|Any CPU
		{AC7F1A5F-9E5C-4A99-814A-827307B720D4}.Release|Any CPU.ActiveCfg = Release|Any CPU
		{AC7F1A5F-9E5C-4A99-814A-827307B720D4}.Release|Any CPU.Build.0 = Release|Any CPU
	EndGlobalSection
	GlobalSection(SolutionProperties) = preSolution
		HideSolutionNode = FALSE
	EndGlobalSection
	GlobalSection(ExtensibilityGlobals) = postSolution
		SolutionGuid = {9107486E-74EF-450A-956B-BF17C61467C5}
	EndGlobalSection
EndGlobal
